{
  "name": "@ztree/ztree_v3",
  "version": "3.5.48",
  "lockfileVersion": 1,
  "requires": true,
  "dependencies": {
    "axios": {
      "version": "0.26.1",
      "resolved": "http://10.161.30.43:8082/repository/npm-group/axios/-/axios-0.26.1.tgz",
      "integrity": "sha512-fPwcX4EvnSHuInCMItEhAGnaSEXRBjtzh9fOtsE6E1G6p7vl7edEeZe11QHf18+6+9gR5PbKV/sGKNaD8YaMeA==",
      "dev": true,
      "requires": {
        "follow-redirects": "^1.14.8"
      }
    },
    "follow-redirects": {
      "version": "1.14.9",
      "resolved": "http://10.161.30.43:8082/repository/npm-group/follow-redirects/-/follow-redirects-1.14.9.tgz",
      "integrity": "sha512-MQDfihBQYMcyy5dhRDJUHcw7lb2Pv/TuE6xP1vyraLukNDHKbDxDNaOE3NbCAdKQApno+GPRyo1YAp89yCjK4w==",
      "dev": true
    }
  }
}
